
Microsoft Visual Studio Solution File, Format Version 12.00
# Visual Studio Version 16
VisualStudioVersion = 16.0.30907.101
MinimumVisualStudioVersion = 10.0.40219.1
Project("{FAE04EC0-301F-11D3-BF4B-00C04F79EFBC}") = "NeBookProducts", "NeBookProducts.csproj", "{DDED648A-8411-49C2-8439-ED4D7AD16A96}"
EndProject
Global
	GlobalSection(SolutionConfigurationPlatforms) = preSolution
		Debug|Any CPU = Debug|Any CPU
		Release|Any CPU = Release|Any CPU
	EndGlobalSection
	GlobalSection(ProjectConfigurationPlatforms) = postSolution
		{DDED648A-8411-49C2-8439-ED4D7AD16A96}.Debug|Any CPU.ActiveCfg = Debug|Any CPU
		{DDED648A-8411-49C2-8439-ED4D7AD16A96}.Debug|Any CPU.Build.0 = Debug|Any CPU
		{DDED648A-8411-49C2-8439-ED4D7AD16A96}.Release|Any CPU.ActiveCfg = Release|Any CPU
		{DDED648A-8411-49C2-8439-ED4D7AD16A96}.Release|Any CPU.Build.0 = Release|Any CPU
	EndGlobalSection
	GlobalSection(SolutionProperties) = preSolution
		HideSolutionNode = FALSE
	EndGlobalSection
	GlobalSection(ExtensibilityGlobals) = postSolution
		SolutionGuid = {4342CB50-C9AB-4E63-B1E4-7D92A38DBA97}
	EndGlobalSection
EndGlobal
